
Microsoft Visual Studio Solution File, Format Version 12.00
# Visual Studio Version 17
VisualStudioVersion = 17.11.35303.130
MinimumVisualStudioVersion = 10.0.40219.1
Project("{FAE04EC0-301F-11D3-BF4B-00C04F79EFBC}") = "MastermindNewLayout_Test", "MastermindNewLayout_Test.csproj", "{566D2281-12D9-477C-8876-33F76E98FA6F}"
EndProject
Global
	GlobalSection(SolutionConfigurationPlatforms) = preSolution
		Debug|Any CPU = Debug|Any CPU
		Release|Any CPU = Release|Any CPU
	EndGlobalSection
	GlobalSection(ProjectConfigurationPlatforms) = postSolution
		{566D2281-12D9-477C-8876-33F76E98FA6F}.Debug|Any CPU.ActiveCfg = Debug|Any CPU
		{566D2281-12D9-477C-8876-33F76E98FA6F}.Debug|Any CPU.Build.0 = Debug|Any CPU
		{566D2281-12D9-477C-8876-33F76E98FA6F}.Release|Any CPU.ActiveCfg = Release|Any CPU
		{566D2281-12D9-477C-8876-33F76E98FA6F}.Release|Any CPU.Build.0 = Release|Any CPU
	EndGlobalSection
	GlobalSection(SolutionProperties) = preSolution
		HideSolutionNode = FALSE
	EndGlobalSection
	GlobalSection(ExtensibilityGlobals) = postSolution
		SolutionGuid = {1D5B108D-44FC-4A61-8A9C-73F2CF4DC81C}
	EndGlobalSection
EndGlobal
